<Solution>
  <Folder Name="/tests/">
    <Project Path="tests/Sms/FeeSyncer.Sms.Tests.csproj" />
    <Project Path="tests/Agent/FeeSyncer.Agent.Tests.csproj" />
    <Project Path="tests/Tray/FeeSyncer.Tray.Tests.csproj" />
  </Folder>
  <Folder Name="/src/">
    <Project Path="src/Sms/FeeSyncer.Sms.csproj" />
    <Project Path="src/Agent/FeeSyncer.Agent.csproj" />
    <Project Path="src/Shared/FeeSyncer.Shared.csproj" />
    <Project Path="src/Tray/FeeSyncer.Tray.csproj" />
    <Project Path="src/Console/FeeSyncer.Console.csproj" />
  </Folder>
</Solution>
